
Microsoft Visual Studio Solution File, Format Version 12.00
# Visual Studio Version 16
VisualStudioVersion = 16.0.30907.101
MinimumVisualStudioVersion = 10.0.40219.1
Project("{FAE04EC0-301F-11D3-BF4B-00C04F79EFBC}") = "Лаба 8", "Лаба 8\Лаба 8.csproj", "{F2258E44-6BEA-41FE-AD0B-A6DA0E3C231E}"
EndProject
Global
	GlobalSection(SolutionConfigurationPlatforms) = preSolution
		Debug|Any CPU = Debug|Any CPU
		Release|Any CPU = Release|Any CPU
	EndGlobalSection
	GlobalSection(ProjectConfigurationPlatforms) = postSolution
		{F2258E44-6BEA-41FE-AD0B-A6DA0E3C231E}.Debug|Any CPU.ActiveCfg = Debug|Any CPU
		{F2258E44-6BEA-41FE-AD0B-A6DA0E3C231E}.Debug|Any CPU.Build.0 = Debug|Any CPU
		{F2258E44-6BEA-41FE-AD0B-A6DA0E3C231E}.Release|Any CPU.ActiveCfg = Release|Any CPU
		{F2258E44-6BEA-41FE-AD0B-A6DA0E3C231E}.Release|Any CPU.Build.0 = Release|Any CPU
	EndGlobalSection
	GlobalSection(SolutionProperties) = preSolution
		HideSolutionNode = FALSE
	EndGlobalSection
	GlobalSection(ExtensibilityGlobals) = postSolution
		SolutionGuid = {E899F454-84AD-4EB9-BD73-04779B8A3468}
	EndGlobalSection
EndGlobal
