
Microsoft Visual Studio Solution File, Format Version 12.00
# Visual Studio Version 16
VisualStudioVersion = 16.0.32106.194
MinimumVisualStudioVersion = 10.0.40219.1
Project("{FAE04EC0-301F-11D3-BF4B-00C04F79EFBC}") = "Алгоритм деления отрезка пополам", "Алгоритм деления отрезка пополам.csproj", "{DC45362C-E931-4631-9208-E2C7A9ACA15D}"
EndProject
Global
	GlobalSection(SolutionConfigurationPlatforms) = preSolution
		Debug|Any CPU = Debug|Any CPU
		Release|Any CPU = Release|Any CPU
	EndGlobalSection
	GlobalSection(ProjectConfigurationPlatforms) = postSolution
		{DC45362C-E931-4631-9208-E2C7A9ACA15D}.Debug|Any CPU.ActiveCfg = Debug|Any CPU
		{DC45362C-E931-4631-9208-E2C7A9ACA15D}.Debug|Any CPU.Build.0 = Debug|Any CPU
		{DC45362C-E931-4631-9208-E2C7A9ACA15D}.Release|Any CPU.ActiveCfg = Release|Any CPU
		{DC45362C-E931-4631-9208-E2C7A9ACA15D}.Release|Any CPU.Build.0 = Release|Any CPU
	EndGlobalSection
	GlobalSection(SolutionProperties) = preSolution
		HideSolutionNode = FALSE
	EndGlobalSection
	GlobalSection(ExtensibilityGlobals) = postSolution
		SolutionGuid = {7C4C825C-B69C-4619-BF46-5BBE3D969952}
	EndGlobalSection
EndGlobal
