
Microsoft Visual Studio Solution File, Format Version 12.00
# Visual Studio Version 16
VisualStudioVersion = 16.0.32106.194
MinimumVisualStudioVersion = 10.0.40219.1
Project("{FAE04EC0-301F-11D3-BF4B-00C04F79EFBC}") = "Линейная интерполяция", "Линейная интерполяция.csproj", "{4337CDBF-24E1-476B-B745-71FF9BAB5FE6}"
EndProject
Global
	GlobalSection(SolutionConfigurationPlatforms) = preSolution
		Debug|Any CPU = Debug|Any CPU
		Release|Any CPU = Release|Any CPU
	EndGlobalSection
	GlobalSection(ProjectConfigurationPlatforms) = postSolution
		{4337CDBF-24E1-476B-B745-71FF9BAB5FE6}.Debug|Any CPU.ActiveCfg = Debug|Any CPU
		{4337CDBF-24E1-476B-B745-71FF9BAB5FE6}.Debug|Any CPU.Build.0 = Debug|Any CPU
		{4337CDBF-24E1-476B-B745-71FF9BAB5FE6}.Release|Any CPU.ActiveCfg = Release|Any CPU
		{4337CDBF-24E1-476B-B745-71FF9BAB5FE6}.Release|Any CPU.Build.0 = Release|Any CPU
	EndGlobalSection
	GlobalSection(SolutionProperties) = preSolution
		HideSolutionNode = FALSE
	EndGlobalSection
	GlobalSection(ExtensibilityGlobals) = postSolution
		SolutionGuid = {E8DE90F0-ED71-4436-9A65-E1FE58D6F6A3}
	EndGlobalSection
EndGlobal
