
Microsoft Visual Studio Solution File, Format Version 12.00
# Visual Studio Version 16
VisualStudioVersion = 16.0.32106.194
MinimumVisualStudioVersion = 10.0.40219.1
Project("{FAE04EC0-301F-11D3-BF4B-00C04F79EFBC}") = "Метод Симпсона", "Метод Симпсона.csproj", "{1C494FE5-8A5C-4DB5-B2F0-F75620DDCE69}"
EndProject
Global
	GlobalSection(SolutionConfigurationPlatforms) = preSolution
		Debug|Any CPU = Debug|Any CPU
		Release|Any CPU = Release|Any CPU
	EndGlobalSection
	GlobalSection(ProjectConfigurationPlatforms) = postSolution
		{1C494FE5-8A5C-4DB5-B2F0-F75620DDCE69}.Debug|Any CPU.ActiveCfg = Debug|Any CPU
		{1C494FE5-8A5C-4DB5-B2F0-F75620DDCE69}.Debug|Any CPU.Build.0 = Debug|Any CPU
		{1C494FE5-8A5C-4DB5-B2F0-F75620DDCE69}.Release|Any CPU.ActiveCfg = Release|Any CPU
		{1C494FE5-8A5C-4DB5-B2F0-F75620DDCE69}.Release|Any CPU.Build.0 = Release|Any CPU
	EndGlobalSection
	GlobalSection(SolutionProperties) = preSolution
		HideSolutionNode = FALSE
	EndGlobalSection
	GlobalSection(ExtensibilityGlobals) = postSolution
		SolutionGuid = {F27C7056-E4DA-4FA7-884A-2C05B5D4E169}
	EndGlobalSection
EndGlobal
