
Microsoft Visual Studio Solution File, Format Version 12.00
# Visual Studio Version 16
VisualStudioVersion = 16.0.32106.194
MinimumVisualStudioVersion = 10.0.40219.1
Project("{FAE04EC0-301F-11D3-BF4B-00C04F79EFBC}") = "Метод Гаусса единственного деления", "Метод Гаусса единственного деления.csproj", "{0046BB05-59A3-4CA6-8723-DB1EE76D7990}"
EndProject
Global
	GlobalSection(SolutionConfigurationPlatforms) = preSolution
		Debug|Any CPU = Debug|Any CPU
		Release|Any CPU = Release|Any CPU
	EndGlobalSection
	GlobalSection(ProjectConfigurationPlatforms) = postSolution
		{0046BB05-59A3-4CA6-8723-DB1EE76D7990}.Debug|Any CPU.ActiveCfg = Debug|Any CPU
		{0046BB05-59A3-4CA6-8723-DB1EE76D7990}.Debug|Any CPU.Build.0 = Debug|Any CPU
		{0046BB05-59A3-4CA6-8723-DB1EE76D7990}.Release|Any CPU.ActiveCfg = Release|Any CPU
		{0046BB05-59A3-4CA6-8723-DB1EE76D7990}.Release|Any CPU.Build.0 = Release|Any CPU
	EndGlobalSection
	GlobalSection(SolutionProperties) = preSolution
		HideSolutionNode = FALSE
	EndGlobalSection
	GlobalSection(ExtensibilityGlobals) = postSolution
		SolutionGuid = {994FBE67-31C7-4685-813D-004459B6E97F}
	EndGlobalSection
EndGlobal
