
Microsoft Visual Studio Solution File, Format Version 12.00
# Visual Studio Version 16
VisualStudioVersion = 16.0.31025.194
MinimumVisualStudioVersion = 10.0.40219.1
Project("{FAE04EC0-301F-11D3-BF4B-00C04F79EFBC}") = "Kursach", "Kursach\Kursach.csproj", "{09CEC181-F7E0-4B36-A16C-D243A6AA69EC}"
EndProject
Global
	GlobalSection(SolutionConfigurationPlatforms) = preSolution
		Debug|Any CPU = Debug|Any CPU
		Release|Any CPU = Release|Any CPU
	EndGlobalSection
	GlobalSection(ProjectConfigurationPlatforms) = postSolution
		{09CEC181-F7E0-4B36-A16C-D243A6AA69EC}.Debug|Any CPU.ActiveCfg = Debug|Any CPU
		{09CEC181-F7E0-4B36-A16C-D243A6AA69EC}.Debug|Any CPU.Build.0 = Debug|Any CPU
		{09CEC181-F7E0-4B36-A16C-D243A6AA69EC}.Release|Any CPU.ActiveCfg = Release|Any CPU
		{09CEC181-F7E0-4B36-A16C-D243A6AA69EC}.Release|Any CPU.Build.0 = Release|Any CPU
	EndGlobalSection
	GlobalSection(SolutionProperties) = preSolution
		HideSolutionNode = FALSE
	EndGlobalSection
	GlobalSection(ExtensibilityGlobals) = postSolution
		SolutionGuid = {8FA012EB-C5B7-4ECD-A288-9FC12D508537}
	EndGlobalSection
EndGlobal
